{
  "version": 4,
  "terraform_version": "1.0.10",
  "serial": 10,
  "lineage": "1ff381b0-5bea-3017-661e-98385ba58fdf",
  "outputs": {},
  "resources": [
    {
      "mode": "data",
      "type": "azurerm_subnet",
      "name": "ds",
      "provider": "provider[\"registry.terraform.io/hashicorp/azurerm\"]",
      "instances": [
        {
          "schema_version": 0,
          "attributes": {
            "address_prefix": "10.1.1.0/24",
            "address_prefixes": [
              "10.1.1.0/24"
            ],
            "enforce_private_link_endpoint_network_policies": false,
            "enforce_private_link_service_network_policies": false,
            "id": "/subscriptions/de470107-c010-4cb1-918a-83c4fbf50b97/resourceGroups/DevBaseRG/providers/Microsoft.Network/virtualNetworks/dev-vnet/subnets/dev-subnet-ds",
            "name": "dev-subnet-ds",
            "network_security_group_id": "/subscriptions/de470107-c010-4cb1-918a-83c4fbf50b97/resourceGroups/DevBaseRG/providers/Microsoft.Network/networkSecurityGroups/dev-nsg-ds",
            "private_endpoint_network_policies_enabled": true,
            "private_link_service_network_policies_enabled": true,
            "resource_group_name": "DevBaseRG",
            "route_table_id": "",
            "service_endpoints": [],
            "timeouts": null,
            "virtual_network_name": "dev-vnet"
          },
          "sensitive_attributes": []
        }
      ]
    },
    {
      "mode": "data",
      "type": "azurerm_subnet",
      "name": "k8s",
      "provider": "provider[\"registry.terraform.io/hashicorp/azurerm\"]",
      "instances": [
        {
          "schema_version": 0,
          "attributes": {
            "address_prefix": "10.1.3.0/24",
            "address_prefixes": [
              "10.1.3.0/24"
            ],
            "enforce_private_link_endpoint_network_policies": false,
            "enforce_private_link_service_network_policies": false,
            "id": "/subscriptions/de470107-c010-4cb1-918a-83c4fbf50b97/resourceGroups/DevBaseRG/providers/Microsoft.Network/virtualNetworks/dev-vnet/subnets/dev-subnet-k8s",
            "name": "dev-subnet-k8s",
            "network_security_group_id": "/subscriptions/de470107-c010-4cb1-918a-83c4fbf50b97/resourceGroups/DevBaseRG/providers/Microsoft.Network/networkSecurityGroups/dev-nsg-k8s",
            "private_endpoint_network_policies_enabled": true,
            "private_link_service_network_policies_enabled": true,
            "resource_group_name": "DevBaseRG",
            "route_table_id": "",
            "service_endpoints": [],
            "timeouts": null,
            "virtual_network_name": "dev-vnet"
          },
          "sensitive_attributes": []
        }
      ]
    },
    {
      "mode": "data",
      "type": "azurerm_subnet",
      "name": "psql",
      "provider": "provider[\"registry.terraform.io/hashicorp/azurerm\"]",
      "instances": [
        {
          "schema_version": 0,
          "attributes": {
            "address_prefix": "10.1.2.0/24",
            "address_prefixes": [
              "10.1.2.0/24"
            ],
            "enforce_private_link_endpoint_network_policies": false,
            "enforce_private_link_service_network_policies": false,
            "id": "/subscriptions/de470107-c010-4cb1-918a-83c4fbf50b97/resourceGroups/DevBaseRG/providers/Microsoft.Network/virtualNetworks/dev-vnet/subnets/dev-subnet-psql",
            "name": "dev-subnet-psql",
            "network_security_group_id": "/subscriptions/de470107-c010-4cb1-918a-83c4fbf50b97/resourceGroups/DevBaseRG/providers/Microsoft.Network/networkSecurityGroups/dev-nsg-psql",
            "private_endpoint_network_policies_enabled": true,
            "private_link_service_network_policies_enabled": true,
            "resource_group_name": "DevBaseRG",
            "route_table_id": "",
            "service_endpoints": [],
            "timeouts": null,
            "virtual_network_name": "dev-vnet"
          },
          "sensitive_attributes": []
        }
      ]
    },
    {
      "mode": "data",
      "type": "azurerm_virtual_network",
      "name": "vnet",
      "provider": "provider[\"registry.terraform.io/hashicorp/azurerm\"]",
      "instances": [
        {
          "schema_version": 0,
          "attributes": {
            "address_space": [
              "10.1.0.0/16"
            ],
            "dns_servers": [],
            "guid": "f514b866-d5e1-47e7-91de-4a46b49615c2",
            "id": "/subscriptions/de470107-c010-4cb1-918a-83c4fbf50b97/resourceGroups/DevBaseRG/providers/Microsoft.Network/virtualNetworks/dev-vnet",
            "location": "japaneast",
            "name": "dev-vnet",
            "resource_group_name": "DevBaseRG",
            "subnets": [
              "dev-subnet-ds",
              "dev-subnet-k8s",
              "dev-subnet-psql"
            ],
            "tags": {},
            "timeouts": null,
            "vnet_peerings": {},
            "vnet_peerings_addresses": []
          },
          "sensitive_attributes": []
        }
      ]
    },
    {
      "mode": "managed",
      "type": "azurerm_resource_group",
      "name": "structure",
      "provider": "provider[\"registry.terraform.io/hashicorp/azurerm\"]",
      "instances": [
        {
          "schema_version": 0,
          "attributes": {
            "id": "/subscriptions/de470107-c010-4cb1-918a-83c4fbf50b97/resourceGroups/DevStructureRG",
            "location": "japaneast",
            "name": "DevStructureRG",
            "tags": null,
            "timeouts": null
          },
          "sensitive_attributes": [],
          "private": "eyJlMmJmYjczMC1lY2FhLTExZTYtOGY4OC0zNDM2M2JjN2M0YzAiOnsiY3JlYXRlIjo1NDAwMDAwMDAwMDAwLCJkZWxldGUiOjU0MDAwMDAwMDAwMDAsInJlYWQiOjMwMDAwMDAwMDAwMCwidXBkYXRlIjo1NDAwMDAwMDAwMDAwfX0="
        }
      ]
    },
    {
      "module": "module.k8s",
      "mode": "managed",
      "type": "azurerm_private_dns_a_record",
      "name": "k8s",
      "provider": "provider[\"registry.terraform.io/hashicorp/azurerm\"]",
      "instances": []
    },
    {
      "module": "module.k8s",
      "mode": "managed",
      "type": "azurerm_private_dns_zone",
      "name": "k8s",
      "provider": "provider[\"registry.terraform.io/hashicorp/azurerm\"]",
      "instances": [
        {
          "schema_version": 0,
          "attributes": {
            "id": "/subscriptions/de470107-c010-4cb1-918a-83c4fbf50b97/resourceGroups/DevBaseRG/providers/Microsoft.Network/privateDnsZones/privatelink.japaneast.azmk8s.io",
            "max_number_of_record_sets": 25000,
            "max_number_of_virtual_network_links": 1000,
            "max_number_of_virtual_network_links_with_registration": 100,
            "name": "privatelink.japaneast.azmk8s.io",
            "number_of_record_sets": 1,
            "resource_group_name": "DevBaseRG",
            "soa_record": [
              {
                "email": "azureprivatedns-host.microsoft.com",
                "expire_time": 2419200,
                "fqdn": "privatelink.japaneast.azmk8s.io.",
                "host_name": "azureprivatedns.net",
                "minimum_ttl": 10,
                "refresh_time": 3600,
                "retry_time": 300,
                "serial_number": 1,
                "tags": {},
                "ttl": 3600
              }
            ],
            "tags": null,
            "timeouts": null
          },
          "sensitive_attributes": [],
          "private": "eyJlMmJmYjczMC1lY2FhLTExZTYtOGY4OC0zNDM2M2JjN2M0YzAiOnsiY3JlYXRlIjoxODAwMDAwMDAwMDAwLCJkZWxldGUiOjE4MDAwMDAwMDAwMDAsInJlYWQiOjMwMDAwMDAwMDAwMCwidXBkYXRlIjoxODAwMDAwMDAwMDAwfX0="
        }
      ]
    },
    {
      "module": "module.k8s",
      "mode": "managed",
      "type": "azurerm_private_endpoint",
      "name": "k8s",
      "provider": "provider[\"registry.terraform.io/hashicorp/azurerm\"]",
      "instances": []
    },
    {
      "module": "module.psql",
      "mode": "managed",
      "type": "azurerm_postgresql_flexible_server_database",
      "name": "psql",
      "provider": "provider[\"registry.terraform.io/hashicorp/azurerm\"]",
      "instances": []
    },
    {
      "module": "module.psql",
      "mode": "managed",
      "type": "azurerm_private_dns_a_record",
      "name": "psql",
      "provider": "provider[\"registry.terraform.io/hashicorp/azurerm\"]",
      "instances": []
    },
    {
      "module": "module.psql",
      "mode": "managed",
      "type": "azurerm_private_dns_zone",
      "name": "psql",
      "provider": "provider[\"registry.terraform.io/hashicorp/azurerm\"]",
      "instances": [
        {
          "schema_version": 0,
          "attributes": {
            "id": "/subscriptions/de470107-c010-4cb1-918a-83c4fbf50b97/resourceGroups/DevBaseRG/providers/Microsoft.Network/privateDnsZones/privatelink.postgres.database.azure.com",
            "max_number_of_record_sets": 25000,
            "max_number_of_virtual_network_links": 1000,
            "max_number_of_virtual_network_links_with_registration": 100,
            "name": "privatelink.postgres.database.azure.com",
            "number_of_record_sets": 1,
            "resource_group_name": "DevBaseRG",
            "soa_record": [
              {
                "email": "azureprivatedns-host.microsoft.com",
                "expire_time": 2419200,
                "fqdn": "privatelink.postgres.database.azure.com.",
                "host_name": "azureprivatedns.net",
                "minimum_ttl": 10,
                "refresh_time": 3600,
                "retry_time": 300,
                "serial_number": 1,
                "tags": {},
                "ttl": 3600
              }
            ],
            "tags": null,
            "timeouts": null
          },
          "sensitive_attributes": [],
          "private": "eyJlMmJmYjczMC1lY2FhLTExZTYtOGY4OC0zNDM2M2JjN2M0YzAiOnsiY3JlYXRlIjoxODAwMDAwMDAwMDAwLCJkZWxldGUiOjE4MDAwMDAwMDAwMDAsInJlYWQiOjMwMDAwMDAwMDAwMCwidXBkYXRlIjoxODAwMDAwMDAwMDAwfX0="
        }
      ]
    },
    {
      "module": "module.psql",
      "mode": "managed",
      "type": "azurerm_private_endpoint",
      "name": "psql",
      "provider": "provider[\"registry.terraform.io/hashicorp/azurerm\"]",
      "instances": []
    },
    {
      "module": "module.sa",
      "mode": "managed",
      "type": "azurerm_private_dns_a_record",
      "name": "sa",
      "provider": "provider[\"registry.terraform.io/hashicorp/azurerm\"]",
      "instances": [
        {
          "schema_version": 0,
          "attributes": {
            "fqdn": "devrice1gouapp.privatelink.blob.core.windows.net.",
            "id": "/subscriptions/de470107-c010-4cb1-918a-83c4fbf50b97/resourceGroups/DevBaseRG/providers/Microsoft.Network/privateDnsZones/privatelink.blob.core.windows.net/A/devrice1gouapp",
            "name": "devrice1gouapp",
            "records": [
              "10.1.1.4"
            ],
            "resource_group_name": "DevBaseRG",
            "tags": null,
            "timeouts": null,
            "ttl": 300,
            "zone_name": "privatelink.blob.core.windows.net"
          },
          "sensitive_attributes": [],
          "private": "eyJlMmJmYjczMC1lY2FhLTExZTYtOGY4OC0zNDM2M2JjN2M0YzAiOnsiY3JlYXRlIjoxODAwMDAwMDAwMDAwLCJkZWxldGUiOjE4MDAwMDAwMDAwMDAsInJlYWQiOjMwMDAwMDAwMDAwMCwidXBkYXRlIjoxODAwMDAwMDAwMDAwfX0=",
          "dependencies": [
            "azurerm_resource_group.structure",
            "data.azurerm_subnet.ds",
            "module.sa.azurerm_private_dns_zone.sa",
            "module.sa.azurerm_private_endpoint.sa",
            "module.sa.azurerm_storage_account.sa"
          ]
        }
      ]
    },
    {
      "module": "module.sa",
      "mode": "managed",
      "type": "azurerm_private_dns_zone",
      "name": "sa",
      "provider": "provider[\"registry.terraform.io/hashicorp/azurerm\"]",
      "instances": [
        {
          "schema_version": 0,
          "attributes": {
            "id": "/subscriptions/de470107-c010-4cb1-918a-83c4fbf50b97/resourceGroups/DevBaseRG/providers/Microsoft.Network/privateDnsZones/privatelink.blob.core.windows.net",
            "max_number_of_record_sets": 25000,
            "max_number_of_virtual_network_links": 1000,
            "max_number_of_virtual_network_links_with_registration": 100,
            "name": "privatelink.blob.core.windows.net",
            "number_of_record_sets": 1,
            "resource_group_name": "DevBaseRG",
            "soa_record": [
              {
                "email": "azureprivatedns-host.microsoft.com",
                "expire_time": 2419200,
                "fqdn": "privatelink.blob.core.windows.net.",
                "host_name": "azureprivatedns.net",
                "minimum_ttl": 10,
                "refresh_time": 3600,
                "retry_time": 300,
                "serial_number": 1,
                "tags": {},
                "ttl": 3600
              }
            ],
            "tags": null,
            "timeouts": null
          },
          "sensitive_attributes": [],
          "private": "eyJlMmJmYjczMC1lY2FhLTExZTYtOGY4OC0zNDM2M2JjN2M0YzAiOnsiY3JlYXRlIjoxODAwMDAwMDAwMDAwLCJkZWxldGUiOjE4MDAwMDAwMDAwMDAsInJlYWQiOjMwMDAwMDAwMDAwMCwidXBkYXRlIjoxODAwMDAwMDAwMDAwfX0="
        }
      ]
    },
    {
      "module": "module.sa",
      "mode": "managed",
      "type": "azurerm_private_endpoint",
      "name": "sa",
      "provider": "provider[\"registry.terraform.io/hashicorp/azurerm\"]",
      "instances": [
        {
          "schema_version": 0,
          "attributes": {
            "custom_dns_configs": [
              {
                "fqdn": "devrice1gouapp.blob.core.windows.net",
                "ip_addresses": [
                  "10.1.1.4"
                ]
              }
            ],
            "id": "/subscriptions/de470107-c010-4cb1-918a-83c4fbf50b97/resourceGroups/DevStructureRG/providers/Microsoft.Network/privateEndpoints/dev-sa-ep",
            "location": "japaneast",
            "name": "dev-sa-ep",
            "network_interface": [
              {
                "id": "/subscriptions/de470107-c010-4cb1-918a-83c4fbf50b97/resourceGroups/DevStructureRG/providers/Microsoft.Network/networkInterfaces/dev-sa-ep.nic.a5bf0e14-3623-4ab1-95d4-d58bd6bf0f71",
                "name": "dev-sa-ep.nic.a5bf0e14-3623-4ab1-95d4-d58bd6bf0f71"
              }
            ],
            "private_dns_zone_configs": [],
            "private_dns_zone_group": [],
            "private_service_connection": [
              {
                "is_manual_connection": false,
                "name": "dev-sa-psc",
                "private_connection_resource_alias": "",
                "private_connection_resource_id": "/subscriptions/de470107-c010-4cb1-918a-83c4fbf50b97/resourceGroups/DevStructureRG/providers/Microsoft.Storage/storageAccounts/devrice1gouapp",
                "private_ip_address": "10.1.1.4",
                "request_message": "",
                "subresource_names": [
                  "blob"
                ]
              }
            ],
            "resource_group_name": "DevStructureRG",
            "subnet_id": "/subscriptions/de470107-c010-4cb1-918a-83c4fbf50b97/resourceGroups/DevBaseRG/providers/Microsoft.Network/virtualNetworks/dev-vnet/subnets/dev-subnet-ds",
            "tags": null,
            "timeouts": null
          },
          "sensitive_attributes": [],
          "private": "eyJlMmJmYjczMC1lY2FhLTExZTYtOGY4OC0zNDM2M2JjN2M0YzAiOnsiY3JlYXRlIjozNjAwMDAwMDAwMDAwLCJkZWxldGUiOjM2MDAwMDAwMDAwMDAsInJlYWQiOjMwMDAwMDAwMDAwMCwidXBkYXRlIjozNjAwMDAwMDAwMDAwfX0=",
          "dependencies": [
            "azurerm_resource_group.structure",
            "data.azurerm_subnet.ds",
            "module.sa.azurerm_storage_account.sa"
          ]
        }
      ]
    },
    {
      "module": "module.sa",
      "mode": "managed",
      "type": "azurerm_storage_account",
      "name": "sa",
      "provider": "provider[\"registry.terraform.io/hashicorp/azurerm\"]",
      "instances": [
        {
          "schema_version": 3,
          "attributes": {
            "access_tier": "Hot",
            "account_kind": "StorageV2",
            "account_replication_type": "LRS",
            "account_tier": "Standard",
            "allow_nested_items_to_be_public": true,
            "azure_files_authentication": [],
            "blob_properties": [
              {
                "change_feed_enabled": false,
                "change_feed_retention_in_days": 0,
                "container_delete_retention_policy": [],
                "cors_rule": [],
                "default_service_version": "",
                "delete_retention_policy": [],
                "last_access_time_enabled": false,
                "versioning_enabled": false
              }
            ],
            "cross_tenant_replication_enabled": true,
            "custom_domain": [],
            "customer_managed_key": [],
            "edge_zone": "",
            "enable_https_traffic_only": true,
            "id": "/subscriptions/de470107-c010-4cb1-918a-83c4fbf50b97/resourceGroups/DevStructureRG/providers/Microsoft.Storage/storageAccounts/devrice1gouapp",
            "identity": [],
            "infrastructure_encryption_enabled": false,
            "is_hns_enabled": true,
            "large_file_share_enabled": null,
            "location": "japaneast",
            "min_tls_version": "TLS1_2",
            "name": "devrice1gouapp",
            "network_rules": [
              {
                "bypass": [
                  "AzureServices"
                ],
                "default_action": "Allow",
                "ip_rules": [],
                "private_link_access": [],
                "virtual_network_subnet_ids": []
              }
            ],
            "nfsv3_enabled": false,
            "primary_access_key": "AocS7iqbLCKrqXQxFF02by+XQb2ipS+iZwYF3yMBgXR6Q7rrroh3NAacz5QervwikNZifaPvQ230+ASt4Hjb/g==",
            "primary_blob_connection_string": "DefaultEndpointsProtocol=https;BlobEndpoint=https://devrice1gouapp.blob.core.windows.net/;AccountName=devrice1gouapp;AccountKey=AocS7iqbLCKrqXQxFF02by+XQb2ipS+iZwYF3yMBgXR6Q7rrroh3NAacz5QervwikNZifaPvQ230+ASt4Hjb/g==",
            "primary_blob_endpoint": "https://devrice1gouapp.blob.core.windows.net/",
            "primary_blob_host": "devrice1gouapp.blob.core.windows.net",
            "primary_connection_string": "DefaultEndpointsProtocol=https;AccountName=devrice1gouapp;AccountKey=AocS7iqbLCKrqXQxFF02by+XQb2ipS+iZwYF3yMBgXR6Q7rrroh3NAacz5QervwikNZifaPvQ230+ASt4Hjb/g==;EndpointSuffix=core.windows.net",
            "primary_dfs_endpoint": "https://devrice1gouapp.dfs.core.windows.net/",
            "primary_dfs_host": "devrice1gouapp.dfs.core.windows.net",
            "primary_file_endpoint": "https://devrice1gouapp.file.core.windows.net/",
            "primary_file_host": "devrice1gouapp.file.core.windows.net",
            "primary_location": "japaneast",
            "primary_queue_endpoint": "https://devrice1gouapp.queue.core.windows.net/",
            "primary_queue_host": "devrice1gouapp.queue.core.windows.net",
            "primary_table_endpoint": "https://devrice1gouapp.table.core.windows.net/",
            "primary_table_host": "devrice1gouapp.table.core.windows.net",
            "primary_web_endpoint": "https://devrice1gouapp.z11.web.core.windows.net/",
            "primary_web_host": "devrice1gouapp.z11.web.core.windows.net",
            "queue_encryption_key_type": "Service",
            "queue_properties": [
              {
                "cors_rule": [],
                "hour_metrics": [
                  {
                    "enabled": true,
                    "include_apis": true,
                    "retention_policy_days": 7,
                    "version": "1.0"
                  }
                ],
                "logging": [
                  {
                    "delete": false,
                    "read": false,
                    "retention_policy_days": 0,
                    "version": "1.0",
                    "write": false
                  }
                ],
                "minute_metrics": [
                  {
                    "enabled": false,
                    "include_apis": false,
                    "retention_policy_days": 0,
                    "version": "1.0"
                  }
                ]
              }
            ],
            "resource_group_name": "DevStructureRG",
            "routing": [],
            "secondary_access_key": "wGAAFlgk5MfE6Uoogo1KPg8+jZ9jnQ3dWYi0TCdhNpXko6WWdCRUVj/V7+0bvNNVKRlFYyLG4070+ASt86btRg==",
            "secondary_blob_connection_string": "",
            "secondary_blob_endpoint": null,
            "secondary_blob_host": null,
            "secondary_connection_string": "DefaultEndpointsProtocol=https;AccountName=devrice1gouapp;AccountKey=wGAAFlgk5MfE6Uoogo1KPg8+jZ9jnQ3dWYi0TCdhNpXko6WWdCRUVj/V7+0bvNNVKRlFYyLG4070+ASt86btRg==;EndpointSuffix=core.windows.net",
            "secondary_dfs_endpoint": null,
            "secondary_dfs_host": null,
            "secondary_file_endpoint": null,
            "secondary_file_host": null,
            "secondary_location": "",
            "secondary_queue_endpoint": null,
            "secondary_queue_host": null,
            "secondary_table_endpoint": null,
            "secondary_table_host": null,
            "secondary_web_endpoint": null,
            "secondary_web_host": null,
            "share_properties": [
              {
                "cors_rule": [],
                "retention_policy": [
                  {
                    "days": 7
                  }
                ],
                "smb": []
              }
            ],
            "shared_access_key_enabled": true,
            "static_website": [],
            "table_encryption_key_type": "Service",
            "tags": null,
            "timeouts": null
          },
          "sensitive_attributes": [],
          "private": "eyJlMmJmYjczMC1lY2FhLTExZTYtOGY4OC0zNDM2M2JjN2M0YzAiOnsiY3JlYXRlIjozNjAwMDAwMDAwMDAwLCJkZWxldGUiOjM2MDAwMDAwMDAwMDAsInJlYWQiOjMwMDAwMDAwMDAwMCwidXBkYXRlIjozNjAwMDAwMDAwMDAwfSwic2NoZW1hX3ZlcnNpb24iOiIzIn0=",
          "dependencies": [
            "azurerm_resource_group.structure"
          ]
        }
      ]
    }
  ]
}
