{
  "version": 4,
  "terraform_version": "1.0.10",
  "serial": 92,
  "lineage": "1ff381b0-5bea-3017-661e-98385ba58fdf",
  "outputs": {},
  "resources": [
    {
      "mode": "data",
      "type": "azurerm_subnet",
      "name": "ds",
      "provider": "provider[\"registry.terraform.io/hashicorp/azurerm\"]",
      "instances": [
        {
          "schema_version": 0,
          "attributes": {
            "address_prefix": "10.1.1.0/24",
            "address_prefixes": [
              "10.1.1.0/24"
            ],
            "enforce_private_link_endpoint_network_policies": false,
            "enforce_private_link_service_network_policies": false,
            "id": "/subscriptions/de470107-c010-4cb1-918a-83c4fbf50b97/resourceGroups/DevBaseRG/providers/Microsoft.Network/virtualNetworks/dev-vnet/subnets/dev-subnet-ds",
            "name": "dev-subnet-ds",
            "network_security_group_id": "/subscriptions/de470107-c010-4cb1-918a-83c4fbf50b97/resourceGroups/DevBaseRG/providers/Microsoft.Network/networkSecurityGroups/dev-nsg-ds",
            "private_endpoint_network_policies_enabled": true,
            "private_link_service_network_policies_enabled": true,
            "resource_group_name": "DevBaseRG",
            "route_table_id": "",
            "service_endpoints": [],
            "timeouts": null,
            "virtual_network_name": "dev-vnet"
          },
          "sensitive_attributes": []
        }
      ]
    },
    {
      "mode": "data",
      "type": "azurerm_subnet",
      "name": "k8s",
      "provider": "provider[\"registry.terraform.io/hashicorp/azurerm\"]",
      "instances": [
        {
          "schema_version": 0,
          "attributes": {
            "address_prefix": "10.1.3.0/24",
            "address_prefixes": [
              "10.1.3.0/24"
            ],
            "enforce_private_link_endpoint_network_policies": false,
            "enforce_private_link_service_network_policies": false,
            "id": "/subscriptions/de470107-c010-4cb1-918a-83c4fbf50b97/resourceGroups/DevBaseRG/providers/Microsoft.Network/virtualNetworks/dev-vnet/subnets/dev-subnet-k8s",
            "name": "dev-subnet-k8s",
            "network_security_group_id": "/subscriptions/de470107-c010-4cb1-918a-83c4fbf50b97/resourceGroups/DevBaseRG/providers/Microsoft.Network/networkSecurityGroups/dev-nsg-k8s",
            "private_endpoint_network_policies_enabled": true,
            "private_link_service_network_policies_enabled": true,
            "resource_group_name": "DevBaseRG",
            "route_table_id": "",
            "service_endpoints": [],
            "timeouts": null,
            "virtual_network_name": "dev-vnet"
          },
          "sensitive_attributes": []
        }
      ]
    },
    {
      "mode": "data",
      "type": "azurerm_subnet",
      "name": "psql",
      "provider": "provider[\"registry.terraform.io/hashicorp/azurerm\"]",
      "instances": [
        {
          "schema_version": 0,
          "attributes": {
            "address_prefix": "10.1.2.0/24",
            "address_prefixes": [
              "10.1.2.0/24"
            ],
            "enforce_private_link_endpoint_network_policies": false,
            "enforce_private_link_service_network_policies": false,
            "id": "/subscriptions/de470107-c010-4cb1-918a-83c4fbf50b97/resourceGroups/DevBaseRG/providers/Microsoft.Network/virtualNetworks/dev-vnet/subnets/dev-subnet-psql",
            "name": "dev-subnet-psql",
            "network_security_group_id": "/subscriptions/de470107-c010-4cb1-918a-83c4fbf50b97/resourceGroups/DevBaseRG/providers/Microsoft.Network/networkSecurityGroups/dev-nsg-psql",
            "private_endpoint_network_policies_enabled": true,
            "private_link_service_network_policies_enabled": true,
            "resource_group_name": "DevBaseRG",
            "route_table_id": "",
            "service_endpoints": [
              "Microsoft.Storage"
            ],
            "timeouts": null,
            "virtual_network_name": "dev-vnet"
          },
          "sensitive_attributes": []
        }
      ]
    },
    {
      "mode": "data",
      "type": "azurerm_virtual_network",
      "name": "vnet",
      "provider": "provider[\"registry.terraform.io/hashicorp/azurerm\"]",
      "instances": [
        {
          "schema_version": 0,
          "attributes": {
            "address_space": [
              "10.1.0.0/16"
            ],
            "dns_servers": [],
            "guid": "f514b866-d5e1-47e7-91de-4a46b49615c2",
            "id": "/subscriptions/de470107-c010-4cb1-918a-83c4fbf50b97/resourceGroups/DevBaseRG/providers/Microsoft.Network/virtualNetworks/dev-vnet",
            "location": "japaneast",
            "name": "dev-vnet",
            "resource_group_name": "DevBaseRG",
            "subnets": [
              "dev-subnet-ds",
              "dev-subnet-psql",
              "dev-subnet-k8s"
            ],
            "tags": {},
            "timeouts": null,
            "vnet_peerings": {},
            "vnet_peerings_addresses": []
          },
          "sensitive_attributes": []
        }
      ]
    },
    {
      "mode": "managed",
      "type": "azurerm_resource_group",
      "name": "structure",
      "provider": "provider[\"registry.terraform.io/hashicorp/azurerm\"]",
      "instances": [
        {
          "schema_version": 0,
          "attributes": {
            "id": "/subscriptions/de470107-c010-4cb1-918a-83c4fbf50b97/resourceGroups/DevStructureRG",
            "location": "japaneast",
            "name": "DevStructureRG",
            "tags": null,
            "timeouts": null
          },
          "sensitive_attributes": [],
          "private": "eyJlMmJmYjczMC1lY2FhLTExZTYtOGY4OC0zNDM2M2JjN2M0YzAiOnsiY3JlYXRlIjo1NDAwMDAwMDAwMDAwLCJkZWxldGUiOjU0MDAwMDAwMDAwMDAsInJlYWQiOjMwMDAwMDAwMDAwMCwidXBkYXRlIjo1NDAwMDAwMDAwMDAwfX0="
        }
      ]
    },
    {
      "module": "module.k8s",
      "mode": "managed",
      "type": "azurerm_kubernetes_cluster",
      "name": "k8s",
      "provider": "provider[\"registry.terraform.io/hashicorp/azurerm\"]",
      "instances": [
        {
          "schema_version": 2,
          "attributes": {
            "aci_connector_linux": [],
            "api_server_authorized_ip_ranges": null,
            "auto_scaler_profile": [],
            "automatic_channel_upgrade": "",
            "azure_active_directory_role_based_access_control": [],
            "azure_policy_enabled": false,
            "default_node_pool": [
              {
                "capacity_reservation_group_id": "",
                "enable_auto_scaling": false,
                "enable_host_encryption": false,
                "enable_node_public_ip": false,
                "fips_enabled": false,
                "host_group_id": "",
                "kubelet_config": [],
                "kubelet_disk_type": "OS",
                "linux_os_config": [],
                "max_count": 0,
                "max_pods": 110,
                "min_count": 0,
                "name": "default",
                "node_count": 3,
                "node_labels": {},
                "node_public_ip_prefix_id": "",
                "node_taints": null,
                "only_critical_addons_enabled": false,
                "orchestrator_version": "",
                "os_disk_size_gb": 128,
                "os_disk_type": "Managed",
                "os_sku": "Ubuntu",
                "pod_subnet_id": "",
                "proximity_placement_group_id": "",
                "tags": null,
                "type": "VirtualMachineScaleSets",
                "ultra_ssd_enabled": false,
                "upgrade_settings": [],
                "vm_size": "Standard_B2ms",
                "vnet_subnet_id": "/subscriptions/de470107-c010-4cb1-918a-83c4fbf50b97/resourceGroups/DevBaseRG/providers/Microsoft.Network/virtualNetworks/dev-vnet/subnets/dev-subnet-k8s",
                "zones": null
              }
            ],
            "disk_encryption_set_id": "",
            "dns_prefix": "dev-k8s",
            "dns_prefix_private_cluster": "",
            "enable_pod_security_policy": false,
            "fqdn": "dev-k8s-e4814e6b.hcp.japaneast.azmk8s.io",
            "http_application_routing_enabled": false,
            "http_application_routing_zone_name": "",
            "http_proxy_config": [],
            "id": "/subscriptions/de470107-c010-4cb1-918a-83c4fbf50b97/resourceGroups/DevStructureRG/providers/Microsoft.ContainerService/managedClusters/dev-k8s",
            "identity": [
              {
                "identity_ids": null,
                "principal_id": "8552d945-719e-4cea-82e2-da2329028730",
                "tenant_id": "f4230652-d9e7-4655-b76b-2a84ccd7f657",
                "type": "SystemAssigned"
              }
            ],
            "ingress_application_gateway": [],
            "key_vault_secrets_provider": [
              {
                "secret_identity": [
                  {
                    "client_id": "ca5bf6fd-709d-4ae2-bcca-ce24886b597f",
                    "object_id": "086aecef-bb72-41dd-93ab-6faef055b4c3",
                    "user_assigned_identity_id": "/subscriptions/de470107-c010-4cb1-918a-83c4fbf50b97/resourcegroups/MC_DevStructureRG_dev-k8s_japaneast/providers/Microsoft.ManagedIdentity/userAssignedIdentities/azurekeyvaultsecretsprovider-dev-k8s"
                  }
                ],
                "secret_rotation_enabled": true,
                "secret_rotation_interval": "60m"
              }
            ],
            "kube_admin_config": [],
            "kube_admin_config_raw": "",
            "kube_config": [
              {
                "client_certificate": "LS0tLS1CRUdJTiBDRVJUSUZJQ0FURS0tLS0tCk1JSUZIVENDQXdXZ0F3SUJBZ0lRSlYrZWZrNFJQSVZ4TVIrNlZKckpMREFOQmdrcWhraUc5dzBCQVFzRkFEQU4KTVFzd0NRWURWUVFERXdKallUQWVGdzB5TWpBNE1qZ3hORFU0TVRWYUZ3MHlOREE0TWpneE5UQTRNVFZhTURBeApGekFWQmdOVkJBb1REbk41YzNSbGJUcHRZWE4wWlhKek1SVXdFd1lEVlFRREV3eHRZWE4wWlhKamJHbGxiblF3CmdnSWlNQTBHQ1NxR1NJYjNEUUVCQVFVQUE0SUNEd0F3Z2dJS0FvSUNBUURBeTVpREQ1ekdES05hcDdLT1ZhOEcKMUoybDQ5c2ZCQ2JSM1VlOHFsTFU5V29uODVuRnFSSGo1Qi9xOC9wZGtzNFhDeXpXdnZJQW92R0paaUNQaEhlRgphdHpta245OU4zOGppM3NiVzVIRlkrYlB2UlBHcWpaTVQ4eGRMTWpsbGtuYkpwZFROcCtua21FM2E0NEUrYkxmCjBDYmtTMkdIdkpwdnh2SGtXeFk4WmNiRFk3UERuY01DQWRBWTFpbzNFVGFLZ25hZ2lmYm5pLy9mM0QzS3lLc2cKczc3MGxsRkdyMjhLeWpJa01rU1U1YVVlaytoTXJNVzdYVzhKU1habmlUcGY2R1JhQ1hzZXBLazROeGd3UkdUUQpTbURJeVhtOFRmTGx0dC9KSmlmaGFDTnVYeC96bUJQbFpqL2Z0VWJNUHk4a3ZSaVNDQ0tkOVBMdWxhT3ljUVBiCkF0TE5zMEI0cGVjbis2RVpRUFY4cU5kL21RdnRwRUdaQUx3OFdLdUhRa29MUlgyYndld3BIRlFza0dMNUgrVW4KR2FQbHVkZ1FqMVBJSUZRV2JrNmk0WGttU1MvMkkvMjVpRlVsR04zbkcwTzM5TTNwUzd4dWVubUdCbHZuZHVFbwpMb2R4NjdOeHlZS1NDdzhGRUI2MGNHVm5KUVRHeTUrdFBZMXFaT2dPdnlKNVh4dTg1WTZaeE1XeVNnOUdmeXRlCjVUbGJYbnQ5Q3NpNWlFclRPdTZOU0w1cHhpNkJ2c201QkVsT1hKaVVkRkQxdlp4ZmFuNWFlcW9PekhvdG5ldkEKbWhNRDNjenJXakxyOUZKWGJFRjJqWFpQcFU3TmRieldMeFczSHR0UDgwc0xpblJWaVdidGFGQzJRbEJxTUk4bQpCVnNVdnNGS1hVV284Q1crd0NTWWF3SURBUUFCbzFZd1ZEQU9CZ05WSFE4QkFmOEVCQU1DQmFBd0V3WURWUjBsCkJBd3dDZ1lJS3dZQkJRVUhBd0l3REFZRFZSMFRBUUgvQkFJd0FEQWZCZ05WSFNNRUdEQVdnQlI3N0EzU0ZJVDgKWDY0SHVwdDNDc2llalYrQWF6QU5CZ2txaGtpRzl3MEJBUXNGQUFPQ0FnRUE0MElwMnpOay9KNzFscWJDT2o4NgpNSWRsS0JPcXU3bGVtdXQ1ZEIwTThWMDhjVjh2MHZORWE1bnRTTmpTRU92SEtUQng1VVZJS3NWNWpBTVY0TzMyCnY4dFFKak9rdlBmcUVVcVJLSGw5QWJwTzFTWFduLzBSM3NKNHdxWHR3eTZBWHl0YUM0WTdMSExOSFI5dnU2K1IKQURtbytMSDJSUklpcU9xS3VVVllLMUlWUE50SWtQMHh1aTJ2emZMaEU5S0VsMnl4ejJKd3pRUXVIb0ROOGh6RwoxWVJGWXZsQXVidlBCdExCcDI4Q3VEUG1zd3EyaEJCQXdlR0pQWC9Qb1VwM0VjZlU4UnBldnVEWithYlkwNEt4CjV6L1JsYzFzNHZxTzMxY2RIQmJ5MlpQSit2OFNiRXcxdGhvakVCNkNIbTFpcGp0cVFZcGN3RTN0aWx6aCtzeFQKSXpSVUI0bzZRcElqRFAzdlYwaHd5TmlvQ1huY242WTcxZXNtVEoxVVVaS2tqN0xSS0NrQzV1UUFTaVZqNGtYdAorRW9GMU1MYi9NQzZweUZPN3pKZ1MvazBIamdFOVZOS2NaTlA0Nm5Kaml4MTBtTDNGUXM4Y092R3ZsT3VWQ3RYCjlwcWFoejY1V1hBdzgzK0JuVUtTZEU5UmVSZGh1OXVDZlZCakxDZlc5RmRPTDhDejVKc3JsRE5nb0wwcERUNHMKRXJ3aS90YVhmTGE3VHhJdW9JZ0NhMDVyWGhJRWlvbVUyKzdkdkt2U3pBMEpKQ1BVV2tUVlljb3JaUHV4cHJkeQoxc2loY1hUN3p2Z25DREhjejJnZDRvYW1OSWdFMnc4M25ITWptUzR4NmYzUXE0SFFqNXVsQXdERk5YZ2srejhmCi9LbnF5V3JGc0l5ZzM5VGxGSW9aYmJrPQotLS0tLUVORCBDRVJUSUZJQ0FURS0tLS0tCg==",
                "client_key": "LS0tLS1CRUdJTiBSU0EgUFJJVkFURSBLRVktLS0tLQpNSUlKSndJQkFBS0NBZ0VBd011WWd3K2N4Z3lqV3FleWpsV3ZCdFNkcGVQYkh3UW0wZDFIdktwUzFQVnFKL09aCnhha1I0K1FmNnZQNlhaTE9Gd3NzMXI3eUFLTHhpV1lnajRSM2hXcmM1cEovZlRkL0k0dDdHMXVSeFdQbXo3MFQKeHFvMlRFL01YU3pJNVpaSjJ5YVhVemFmcDVKaE4ydU9CUG15MzlBbTVFdGhoN3lhYjhieDVGc1dQR1hHdzJPegp3NTNEQWdIUUdOWXFOeEUyaW9KMm9JbjI1NHYvMzl3OXlzaXJJTE8rOUpaUlJxOXZDc295SkRKRWxPV2xIcFBvClRLekZ1MTF2Q1VsMlo0azZYK2hrV2dsN0hxU3BPRGNZTUVSazBFcGd5TWw1dkUzeTViYmZ5U1luNFdnamJsOGYKODVnVDVXWS8zN1ZHekQ4dkpMMFlrZ2dpbmZUeTdwV2pzbkVEMndMU3piTkFlS1huSi91aEdVRDFmS2pYZjVrTAo3YVJCbVFDOFBGaXJoMEpLQzBWOW04SHNLUnhVTEpCaStSL2xKeG1qNWJuWUVJOVR5Q0JVRm01T291RjVKa2t2CjlpUDl1WWhWSlJqZDV4dER0L1RONlV1OGJucDVoZ1piNTNiaEtDNkhjZXV6Y2NtQ2tnc1BCUkFldEhCbFp5VUUKeHN1ZnJUMk5hbVRvRHI4aWVWOGJ2T1dPbWNURnNrb1BSbjhyWHVVNVcxNTdmUXJJdVloSzB6cnVqVWkrYWNZdQpnYjdKdVFSSlRseVlsSFJROWIyY1gycCtXbnFxRHN4NkxaM3J3Sm9UQTkzTTYxb3k2L1JTVjJ4QmRvMTJUNlZPCnpYVzgxaThWdHg3YlQvTkxDNHAwVllsbTdXaFF0a0pRYWpDUEpnVmJGTDdCU2wxRnFQQWx2c0FrbUdzQ0F3RUEKQVFLQ0FnQVkrUVpMUzdWcDdlOG02ZnYxOWVGVENDMVhkSmxJZmpndERQV2kyWWtiTHFMT2cvNVNIU0ZGSEtLSgp3NHFWbmxOMXBxdnJNUmFWd0lWNjM3Q3VCbUdZOVl1aGppNVhZTjNtRThZaGVBMzh2SUVFUGFDWEppc2NYV1hDClYrKzUxV3JCcVZFR3BWZXUxQVlsc0pmWHl5UkJXMnYrUEVsbzFLUklnRU9LNmNXS2swQll4TXhmTlVzeU1sdnIKSzZxU01YZVlIMmdRU1c2aTlYNXlWOHZsUFhMMUxITTZxVkhqend1YUlUQzNnWTlpbmhCeVVvUlBrajJXbEhheQpoRUtERE1Kejg5MHowSENUT283MHlpWW04bVVBbWZISmNGZUZiYTlkMC85T3hkTjZuZ3VnMjA5L05SNjJvelQ0CjNEbE1jWTdBdW9HNVFMYURNVnhhVFNYRUVtR0dQanFod0pyK292eSthZUo2dEpZbHhTUW1xTnhFRmJBSWk2dlUKM2RsMG0yRTgyU296MENFT1VZOVQyK3YxS2xZbmhTclFDcDMzQzNUdk5wWkpqZFFrOE5PRlFGbmZWRms1Yk1mcQpoNzltQ1hUSTlYLzRkSUhlS1VPVnZXenhXeW9rUmRURjlGZ0VCTm9tYlpDQi9zT1lSc2o1ZjkzNGtBc1FQcUFzCjNPOFE0UWxFQ0NBNDRMZzN5MXNXU1NZTWh0Q1RSaEhOVTd5akUwd3R0ZjFFTEJKeFNDeHBYekd2aFl1RWNhY3oKMzZ1eGE3eGtFeUdpQU94OHIyenFHLzNXUnBwbFhhL0JhVUd1S1N5ckdjTDdLcm5ORk40V0hRS0R2L2Rxb0x6NQpYbzBVSWNXYjc0T1BPeGx2b281anRMMTZSRklUUEo0QzNnZnhvTm16ZTk5aHpSeHZ3UUtDQVFFQXo1VWtZWWlhCnUrTGxwVyt4dDBFV3l0NlhLVStIWlgxbjg0cGRtc3JqWXo1OFVUNkdHVFRBRklScTFvT1pFcVZHOXQ1ZGhFOC8KUGVHRnI2RDJCeGJoa0pOalMrT2Q5S2VEcm0vbWErSUtDalkxUzd2djFTbStwUnBHdzlKM25pSWFWNzdpM0EvMwpRbGpWdG1nRDZRNGE3NklVTXA0NGlNc1RmMlNBR0VuMUk0S2VyeC9iczF0ck9pMmdhZytJVWtaOGtpZUdKU1BoCmF0bmpLa1ROTXNjME1BMUtBV0FRSFV4NWpDYmdFM1N1WTE1dTlDeldvcGtCUnVnWkxDbUR6WnJ6VzdQUEc1bDEKTE9oNlVMd2pjakwrR2hnZDgzRGhIdjc3eS9Ld2xWb21RNlNndGtGcWJ5WHdzUTFjRXR3UFAzN2FrNHJuVXZFNQpqVUg2R2dJR2tCa0RTd0tDQVFFQTdjTi9UY1o4VENwR1RHVXlJT0p2dURmeEFDaVNzcEIrL0R4Q0J1LzU0aERFCnhZZyswQnJpTml4TGdSK0x4U0tndko3MGxFbFpHZGFLV1NIYmpWQ1V2czMrOGQxMzBBWmtlU1NCRDRtNkhwRisKWHAyU01UdXFLUGxZKzdWYUFvOEFWR0owYmVFTU1FNkVzMEY2OG52bFZlY2NoTlBGTFFuWk8yTklwLzZUcmRXdQpqbkVvcTA1bDFOZmtaRUdOOVg1Q0hPQTJsV2xnTjlNUUZRUFJONkhHQVBmRHhjekRmODJWN0Y1MDlFTWpaRllVClU1ZWJ3MFJpU0MrUUYyK0JhN0ZWakovekU3WTFXQzNCc1NlZTVCcDZpcDBaL1I1M09kaTBhbE43NjlUNlVJTjUKZXpqR3hpZ3RIaGk3cGRnVlNTdlBtYlAzWVExeDNPbFltZXV5dnA1cllRS0NBUUE2ckZFb01GQnNJdW4rSk4vNgppQzlGRUQxeHM4VDFic2pmRVpEN203VkI2L3QvaTBpai8wRDdpNklYR0FOQVBlOGRBQ1UyckorWGdoTWpYVCt0CktVNkFhdWg2SHRBYXd1NTVjNitSZHNhWHRGTEVJVTdjMVh2SmR1L2hrYSsxeHJYamIxVDRGcHN3NmFNZWQ3QUQKUTdWaFhsS1BMQ0dXcUsvT0pqMytuNGptakprRnJ0K09ocHg4U1VFNk9VR3kzN0YrTGlYQWdhL0pYK1RSb2JqTwpUWGYyelFySjhMa2RUdXhjTFBEUkR2M3JvRm1FTXRoSUJTOVROMjlHQ0VYMDY0TTF2RkVoMy9JNnkwc25Yc1kyCkZTdTFmSE9heDZFWi9jQjJHUmJJWUQ3SWg5UFZNQkJCY2x2aDc0REM0K2g3YmdPaUNIVHlBTFRmdEhKWXY1SFQKVVA2WkFvSUJBQUlEZE5HSXk4YXRXUGtPcGxVRzllRStnQWo3VHZxNkpJa29UWHJYajJzdHJ5enBFWGNic3l5NApSVTlybi9oa2FhNFBQb3orN2dVOC91RHdXM2FmNXhLU2xnVWdWZ0pwKzNIWE1FeWNZdm9kUzArcnovQWd6RGthCm0zbE9PTnZxc0JzRzFtdVR5MUdoYUpoSUJxMkZCUlVzSnQ2dEdHOWdOUG0reG4rOXRTeDBzY3k5QXBZb3pNMzMKb2hTRFJadDluVHUzWGw3M2pId01pb2RUQi9PTHFDeWI3SW1CU1dxTXFDZGZTV2hFSlVtVlBRalVNTnAvZXNHWAp2WVdsU1JoTFlTa1d0YTFHRHIrWGE1dC9kV1lESDJTTEhndzV0TkxGbGdtTWVYRXUxWXZYQVRGYzhybjgzeHp4CklxMnQzY2hIMmJNNGhmREpkMXhpa1lDRU1YaFJ5U0VDZ2dFQUFSaDZxVWZ0cWNVSmQzbWFpbkVoRmxqZzlRMXUKYlZhek4wSis1eEMvTmZISFRIVjRUaTdVY3RIVkZsT21JWlU0enBnYTNsWVRPTW9GT2Radm84eml6ZzRsRzZNWQpLWlpPcVV0dHBpSWRWbU1NNlpXYWgvbnZwYlpUbkEreDhBQnRmYlBOc045Qmp5elkxc1Q1MnErSldVdDVldy9mCm1xQWJhZlpwL25jNFAxeERkb29zVVVrNk9tTEVjRzU4N1VrMllMUmpIbnpjZmthNDEyS1pseitUNFRnNklOMXYKZUEwblN0WDRaSCtIeWplMDJDWjBnaXNhQjljUUdha01sSUFsbUtkZDdoQ0dSeU56ZFhxeGxoT0FaYWRZTnZ6UgpJb2pDU012eEIrMjBJYlo0U2dCMmpaRnhoR2ZHTndoV3p5bGVIcVcxeVhQVlBub29LR09takhvSEhnPT0KLS0tLS1FTkQgUlNBIFBSSVZBVEUgS0VZLS0tLS0K",
                "cluster_ca_certificate": "LS0tLS1CRUdJTiBDRVJUSUZJQ0FURS0tLS0tCk1JSUU2VENDQXRHZ0F3SUJBZ0lSQU1oZ3VlSERCTEhNZE9CenVycXlIMzR3RFFZSktvWklodmNOQVFFTEJRQXcKRFRFTE1Ba0dBMVVFQXhNQ1kyRXdJQmNOTWpJd09ESTRNVFExT0RFMVdoZ1BNakExTWpBNE1qZ3hOVEE0TVRWYQpNQTB4Q3pBSkJnTlZCQU1UQW1OaE1JSUNJakFOQmdrcWhraUc5dzBCQVFFRkFBT0NBZzhBTUlJQ0NnS0NBZ0VBCjd1TVlodWtJazM5ZFRIRnRmRFU1dGNGRTdCQVFaVkpDSS9BZW9SemJBemZJdVFqcGI4T2hFL3FrMlRBa0FtMTcKL0l0RUxMejNva2xGcmRiY0U5aU5YK0xtUG9od05iNnBrWlJna2tIRnNUZXJja3g4NzhCTVNPdFV3K1BpZ1U2NwpMRHMwbUVpRWF3TEdDdjRLYlp3N1NjS0d3S1IvOHNzQS9TYmVlR2ZhNkFla1VBS3N3ZGlXTHpTTGdaNnVuOEVsClVxVnVvcXVycTM4TWNqMWdrLzlSVkduQnBBd0p1NXRCUG8rbzl5WUt2eGFxTGVHSmVLNWYrWFdpTmJzVnIweGgKR1J6czcyN1ZrcUdDeUtaWXBsRVJlbDFTVDg2ZGk0eEF6UUNoWlcvRW51ejhYeFEwMk00SmRqeVl2Q2dKREJWdAo2S1RIS1JQQUUxS2QzMTNqMW9Kd25kaTlrRGRwbW9kVGE2SnpBOTdaakt2b0dEOUVwd3RxeURIUjdmRjd6ZTRTCjhrM1BwWkRuaEFLd2lWTlFwSmhmQ0lTd2JoeFhLQTFxQWFiblg5VHhuUU5HTWFGbTNBY1lIVkV0SDg2Wmh1QnQKS2ZqUE16S0dJOUhiT3I2L3h1MGx1azlEYXQrRmRrY2dWWFcrQkttTmhGdExkanpxZGhndmRMVGcvRzRrUmxuUwpxblpzbHZXV1VHYkQ0L3p1UklMdDAwaVlCb0p4dUhXbUh5UzJKYnpNbURiS3BicXMzOTdLaTliWGZCTlFDTDJ6CmU1eHAwNzBZSXdvQWczSHF3djlPZnJqKzVqRWNVYnlOb0tHWml1MUFWNEhwN0FHdW1ZRnpFZmZkeU5ZemNjT1IKa3M4Si9xUUdhU2hSL21qNCtDZ2dPZ09yNnNXM3FXMzdiNHBHT3pZckZyTUNBd0VBQWFOQ01FQXdEZ1lEVlIwUApBUUgvQkFRREFnS2tNQThHQTFVZEV3RUIvd1FGTUFNQkFmOHdIUVlEVlIwT0JCWUVGSHZzRGRJVWhQeGZyZ2U2Cm0zY0t5SjZOWDRCck1BMEdDU3FHU0liM0RRRUJDd1VBQTRJQ0FRRHBoOHFwR0RxS2YwY2luUzhWdm0ycjhnbjAKa2w5MEUyd2JNeitKOS9XRjdWa0hmYk5JeTMrZGl2Um5nVnVNQ1MxNlkvN1dEb0ZGZmt3U0h3L2IwZmRUNyt6NwowM3FXTFdobUNyMjFsN3p1YTFGamMzeExaK0sxejVRc3JCZ0FWZGJhUEZCTjQ3dXF1a0FndDhoRG13QU9VMXhECjdvMXp1SExrdHAzY0ZPQkx4ZXV6bXdyazNNNzNiUUlFOTNKTzFkdEp2aW1Ub2NETm1NRWgxdDAzTmdpd1crVGwKTHU1V3o4MG8xN2NmTXFyc0xCSklaK2krNFdmYjhNQ21iVnJEb25CSXpGYU5PYnVGWTluaDVlVVRMRHR2Z0hBbwpWb2VPeFZDUjRJQXlZNm50aW02cThiZjRwVHprMExPOHVhTThqM3F2UC9XN3IweDJnaHY4bUh6WDN4TmU4OXNWClZLaCtucjdnREg1ZWthaGJBVWc3K2NwTUVaYnVpQUFTcGViU2E2aitCZHA4UjJtUzNiS2hrbVRaclFrY0hOU3AKYm43a1U5cXpNblVNSjRoaDhpdFQ1cGNqd2ZpTlpTNVFzZ1VVd1FUTGV2Wm94ZUUxZDJCV2xRTXgrN29adFRCUwpLcXdQMXAzL1BiQXU0T3ZRc25FNk9mMHdNMHYwNFp3SXBwaElkRTB3ZHFISjM1Q0hTc1pFZFdVSWNBME8yb2MyCmVCZm80a3pDamMzaTY1Mk0rYVoyRTVyZnRuYlVPV25WTGpaUk92dE4yK3dPeFRSR3Y1VURmNTBQb1FhOGVkM04KYXJFblArU1V2a2s3dXE1SkdwWC9NRWw1QXl1QWcxeTFSZTk4ZGZ1SlMwTnFRbzhWbWN4UGk3RitYZ2RobTBPWAptWDlycFVjVlRoMEpDYnNLNXc9PQotLS0tLUVORCBDRVJUSUZJQ0FURS0tLS0tCg==",
                "host": "https://dev-k8s-e4814e6b.hcp.japaneast.azmk8s.io:443",
                "password": "a671d3b610f54f55750746f806c0e517c577ee59b4765c469eec083c53da36773c6c9869c09e394c8975b303a4fdf4f27a0c05eb1238fb43182edc3ea0fa4ab6",
                "username": "clusterUser_DevStructureRG_dev-k8s"
              }
            ],
            "kube_config_raw": "apiVersion: v1\nclusters:\n- cluster:\n    certificate-authority-data: LS0tLS1CRUdJTiBDRVJUSUZJQ0FURS0tLS0tCk1JSUU2VENDQXRHZ0F3SUJBZ0lSQU1oZ3VlSERCTEhNZE9CenVycXlIMzR3RFFZSktvWklodmNOQVFFTEJRQXcKRFRFTE1Ba0dBMVVFQXhNQ1kyRXdJQmNOTWpJd09ESTRNVFExT0RFMVdoZ1BNakExTWpBNE1qZ3hOVEE0TVRWYQpNQTB4Q3pBSkJnTlZCQU1UQW1OaE1JSUNJakFOQmdrcWhraUc5dzBCQVFFRkFBT0NBZzhBTUlJQ0NnS0NBZ0VBCjd1TVlodWtJazM5ZFRIRnRmRFU1dGNGRTdCQVFaVkpDSS9BZW9SemJBemZJdVFqcGI4T2hFL3FrMlRBa0FtMTcKL0l0RUxMejNva2xGcmRiY0U5aU5YK0xtUG9od05iNnBrWlJna2tIRnNUZXJja3g4NzhCTVNPdFV3K1BpZ1U2NwpMRHMwbUVpRWF3TEdDdjRLYlp3N1NjS0d3S1IvOHNzQS9TYmVlR2ZhNkFla1VBS3N3ZGlXTHpTTGdaNnVuOEVsClVxVnVvcXVycTM4TWNqMWdrLzlSVkduQnBBd0p1NXRCUG8rbzl5WUt2eGFxTGVHSmVLNWYrWFdpTmJzVnIweGgKR1J6czcyN1ZrcUdDeUtaWXBsRVJlbDFTVDg2ZGk0eEF6UUNoWlcvRW51ejhYeFEwMk00SmRqeVl2Q2dKREJWdAo2S1RIS1JQQUUxS2QzMTNqMW9Kd25kaTlrRGRwbW9kVGE2SnpBOTdaakt2b0dEOUVwd3RxeURIUjdmRjd6ZTRTCjhrM1BwWkRuaEFLd2lWTlFwSmhmQ0lTd2JoeFhLQTFxQWFiblg5VHhuUU5HTWFGbTNBY1lIVkV0SDg2Wmh1QnQKS2ZqUE16S0dJOUhiT3I2L3h1MGx1azlEYXQrRmRrY2dWWFcrQkttTmhGdExkanpxZGhndmRMVGcvRzRrUmxuUwpxblpzbHZXV1VHYkQ0L3p1UklMdDAwaVlCb0p4dUhXbUh5UzJKYnpNbURiS3BicXMzOTdLaTliWGZCTlFDTDJ6CmU1eHAwNzBZSXdvQWczSHF3djlPZnJqKzVqRWNVYnlOb0tHWml1MUFWNEhwN0FHdW1ZRnpFZmZkeU5ZemNjT1IKa3M4Si9xUUdhU2hSL21qNCtDZ2dPZ09yNnNXM3FXMzdiNHBHT3pZckZyTUNBd0VBQWFOQ01FQXdEZ1lEVlIwUApBUUgvQkFRREFnS2tNQThHQTFVZEV3RUIvd1FGTUFNQkFmOHdIUVlEVlIwT0JCWUVGSHZzRGRJVWhQeGZyZ2U2Cm0zY0t5SjZOWDRCck1BMEdDU3FHU0liM0RRRUJDd1VBQTRJQ0FRRHBoOHFwR0RxS2YwY2luUzhWdm0ycjhnbjAKa2w5MEUyd2JNeitKOS9XRjdWa0hmYk5JeTMrZGl2Um5nVnVNQ1MxNlkvN1dEb0ZGZmt3U0h3L2IwZmRUNyt6NwowM3FXTFdobUNyMjFsN3p1YTFGamMzeExaK0sxejVRc3JCZ0FWZGJhUEZCTjQ3dXF1a0FndDhoRG13QU9VMXhECjdvMXp1SExrdHAzY0ZPQkx4ZXV6bXdyazNNNzNiUUlFOTNKTzFkdEp2aW1Ub2NETm1NRWgxdDAzTmdpd1crVGwKTHU1V3o4MG8xN2NmTXFyc0xCSklaK2krNFdmYjhNQ21iVnJEb25CSXpGYU5PYnVGWTluaDVlVVRMRHR2Z0hBbwpWb2VPeFZDUjRJQXlZNm50aW02cThiZjRwVHprMExPOHVhTThqM3F2UC9XN3IweDJnaHY4bUh6WDN4TmU4OXNWClZLaCtucjdnREg1ZWthaGJBVWc3K2NwTUVaYnVpQUFTcGViU2E2aitCZHA4UjJtUzNiS2hrbVRaclFrY0hOU3AKYm43a1U5cXpNblVNSjRoaDhpdFQ1cGNqd2ZpTlpTNVFzZ1VVd1FUTGV2Wm94ZUUxZDJCV2xRTXgrN29adFRCUwpLcXdQMXAzL1BiQXU0T3ZRc25FNk9mMHdNMHYwNFp3SXBwaElkRTB3ZHFISjM1Q0hTc1pFZFdVSWNBME8yb2MyCmVCZm80a3pDamMzaTY1Mk0rYVoyRTVyZnRuYlVPV25WTGpaUk92dE4yK3dPeFRSR3Y1VURmNTBQb1FhOGVkM04KYXJFblArU1V2a2s3dXE1SkdwWC9NRWw1QXl1QWcxeTFSZTk4ZGZ1SlMwTnFRbzhWbWN4UGk3RitYZ2RobTBPWAptWDlycFVjVlRoMEpDYnNLNXc9PQotLS0tLUVORCBDRVJUSUZJQ0FURS0tLS0tCg==\n    server: https://dev-k8s-e4814e6b.hcp.japaneast.azmk8s.io:443\n  name: dev-k8s\ncontexts:\n- context:\n    cluster: dev-k8s\n    user: clusterUser_DevStructureRG_dev-k8s\n  name: dev-k8s\ncurrent-context: dev-k8s\nkind: Config\npreferences: {}\nusers:\n- name: clusterUser_DevStructureRG_dev-k8s\n  user:\n    client-certificate-data: LS0tLS1CRUdJTiBDRVJUSUZJQ0FURS0tLS0tCk1JSUZIVENDQXdXZ0F3SUJBZ0lRSlYrZWZrNFJQSVZ4TVIrNlZKckpMREFOQmdrcWhraUc5dzBCQVFzRkFEQU4KTVFzd0NRWURWUVFERXdKallUQWVGdzB5TWpBNE1qZ3hORFU0TVRWYUZ3MHlOREE0TWpneE5UQTRNVFZhTURBeApGekFWQmdOVkJBb1REbk41YzNSbGJUcHRZWE4wWlhKek1SVXdFd1lEVlFRREV3eHRZWE4wWlhKamJHbGxiblF3CmdnSWlNQTBHQ1NxR1NJYjNEUUVCQVFVQUE0SUNEd0F3Z2dJS0FvSUNBUURBeTVpREQ1ekdES05hcDdLT1ZhOEcKMUoybDQ5c2ZCQ2JSM1VlOHFsTFU5V29uODVuRnFSSGo1Qi9xOC9wZGtzNFhDeXpXdnZJQW92R0paaUNQaEhlRgphdHpta245OU4zOGppM3NiVzVIRlkrYlB2UlBHcWpaTVQ4eGRMTWpsbGtuYkpwZFROcCtua21FM2E0NEUrYkxmCjBDYmtTMkdIdkpwdnh2SGtXeFk4WmNiRFk3UERuY01DQWRBWTFpbzNFVGFLZ25hZ2lmYm5pLy9mM0QzS3lLc2cKczc3MGxsRkdyMjhLeWpJa01rU1U1YVVlaytoTXJNVzdYVzhKU1habmlUcGY2R1JhQ1hzZXBLazROeGd3UkdUUQpTbURJeVhtOFRmTGx0dC9KSmlmaGFDTnVYeC96bUJQbFpqL2Z0VWJNUHk4a3ZSaVNDQ0tkOVBMdWxhT3ljUVBiCkF0TE5zMEI0cGVjbis2RVpRUFY4cU5kL21RdnRwRUdaQUx3OFdLdUhRa29MUlgyYndld3BIRlFza0dMNUgrVW4KR2FQbHVkZ1FqMVBJSUZRV2JrNmk0WGttU1MvMkkvMjVpRlVsR04zbkcwTzM5TTNwUzd4dWVubUdCbHZuZHVFbwpMb2R4NjdOeHlZS1NDdzhGRUI2MGNHVm5KUVRHeTUrdFBZMXFaT2dPdnlKNVh4dTg1WTZaeE1XeVNnOUdmeXRlCjVUbGJYbnQ5Q3NpNWlFclRPdTZOU0w1cHhpNkJ2c201QkVsT1hKaVVkRkQxdlp4ZmFuNWFlcW9PekhvdG5ldkEKbWhNRDNjenJXakxyOUZKWGJFRjJqWFpQcFU3TmRieldMeFczSHR0UDgwc0xpblJWaVdidGFGQzJRbEJxTUk4bQpCVnNVdnNGS1hVV284Q1crd0NTWWF3SURBUUFCbzFZd1ZEQU9CZ05WSFE4QkFmOEVCQU1DQmFBd0V3WURWUjBsCkJBd3dDZ1lJS3dZQkJRVUhBd0l3REFZRFZSMFRBUUgvQkFJd0FEQWZCZ05WSFNNRUdEQVdnQlI3N0EzU0ZJVDgKWDY0SHVwdDNDc2llalYrQWF6QU5CZ2txaGtpRzl3MEJBUXNGQUFPQ0FnRUE0MElwMnpOay9KNzFscWJDT2o4NgpNSWRsS0JPcXU3bGVtdXQ1ZEIwTThWMDhjVjh2MHZORWE1bnRTTmpTRU92SEtUQng1VVZJS3NWNWpBTVY0TzMyCnY4dFFKak9rdlBmcUVVcVJLSGw5QWJwTzFTWFduLzBSM3NKNHdxWHR3eTZBWHl0YUM0WTdMSExOSFI5dnU2K1IKQURtbytMSDJSUklpcU9xS3VVVllLMUlWUE50SWtQMHh1aTJ2emZMaEU5S0VsMnl4ejJKd3pRUXVIb0ROOGh6RwoxWVJGWXZsQXVidlBCdExCcDI4Q3VEUG1zd3EyaEJCQXdlR0pQWC9Qb1VwM0VjZlU4UnBldnVEWithYlkwNEt4CjV6L1JsYzFzNHZxTzMxY2RIQmJ5MlpQSit2OFNiRXcxdGhvakVCNkNIbTFpcGp0cVFZcGN3RTN0aWx6aCtzeFQKSXpSVUI0bzZRcElqRFAzdlYwaHd5TmlvQ1huY242WTcxZXNtVEoxVVVaS2tqN0xSS0NrQzV1UUFTaVZqNGtYdAorRW9GMU1MYi9NQzZweUZPN3pKZ1MvazBIamdFOVZOS2NaTlA0Nm5Kaml4MTBtTDNGUXM4Y092R3ZsT3VWQ3RYCjlwcWFoejY1V1hBdzgzK0JuVUtTZEU5UmVSZGh1OXVDZlZCakxDZlc5RmRPTDhDejVKc3JsRE5nb0wwcERUNHMKRXJ3aS90YVhmTGE3VHhJdW9JZ0NhMDVyWGhJRWlvbVUyKzdkdkt2U3pBMEpKQ1BVV2tUVlljb3JaUHV4cHJkeQoxc2loY1hUN3p2Z25DREhjejJnZDRvYW1OSWdFMnc4M25ITWptUzR4NmYzUXE0SFFqNXVsQXdERk5YZ2srejhmCi9LbnF5V3JGc0l5ZzM5VGxGSW9aYmJrPQotLS0tLUVORCBDRVJUSUZJQ0FURS0tLS0tCg==\n    client-key-data: LS0tLS1CRUdJTiBSU0EgUFJJVkFURSBLRVktLS0tLQpNSUlKSndJQkFBS0NBZ0VBd011WWd3K2N4Z3lqV3FleWpsV3ZCdFNkcGVQYkh3UW0wZDFIdktwUzFQVnFKL09aCnhha1I0K1FmNnZQNlhaTE9Gd3NzMXI3eUFLTHhpV1lnajRSM2hXcmM1cEovZlRkL0k0dDdHMXVSeFdQbXo3MFQKeHFvMlRFL01YU3pJNVpaSjJ5YVhVemFmcDVKaE4ydU9CUG15MzlBbTVFdGhoN3lhYjhieDVGc1dQR1hHdzJPegp3NTNEQWdIUUdOWXFOeEUyaW9KMm9JbjI1NHYvMzl3OXlzaXJJTE8rOUpaUlJxOXZDc295SkRKRWxPV2xIcFBvClRLekZ1MTF2Q1VsMlo0azZYK2hrV2dsN0hxU3BPRGNZTUVSazBFcGd5TWw1dkUzeTViYmZ5U1luNFdnamJsOGYKODVnVDVXWS8zN1ZHekQ4dkpMMFlrZ2dpbmZUeTdwV2pzbkVEMndMU3piTkFlS1huSi91aEdVRDFmS2pYZjVrTAo3YVJCbVFDOFBGaXJoMEpLQzBWOW04SHNLUnhVTEpCaStSL2xKeG1qNWJuWUVJOVR5Q0JVRm01T291RjVKa2t2CjlpUDl1WWhWSlJqZDV4dER0L1RONlV1OGJucDVoZ1piNTNiaEtDNkhjZXV6Y2NtQ2tnc1BCUkFldEhCbFp5VUUKeHN1ZnJUMk5hbVRvRHI4aWVWOGJ2T1dPbWNURnNrb1BSbjhyWHVVNVcxNTdmUXJJdVloSzB6cnVqVWkrYWNZdQpnYjdKdVFSSlRseVlsSFJROWIyY1gycCtXbnFxRHN4NkxaM3J3Sm9UQTkzTTYxb3k2L1JTVjJ4QmRvMTJUNlZPCnpYVzgxaThWdHg3YlQvTkxDNHAwVllsbTdXaFF0a0pRYWpDUEpnVmJGTDdCU2wxRnFQQWx2c0FrbUdzQ0F3RUEKQVFLQ0FnQVkrUVpMUzdWcDdlOG02ZnYxOWVGVENDMVhkSmxJZmpndERQV2kyWWtiTHFMT2cvNVNIU0ZGSEtLSgp3NHFWbmxOMXBxdnJNUmFWd0lWNjM3Q3VCbUdZOVl1aGppNVhZTjNtRThZaGVBMzh2SUVFUGFDWEppc2NYV1hDClYrKzUxV3JCcVZFR3BWZXUxQVlsc0pmWHl5UkJXMnYrUEVsbzFLUklnRU9LNmNXS2swQll4TXhmTlVzeU1sdnIKSzZxU01YZVlIMmdRU1c2aTlYNXlWOHZsUFhMMUxITTZxVkhqend1YUlUQzNnWTlpbmhCeVVvUlBrajJXbEhheQpoRUtERE1Kejg5MHowSENUT283MHlpWW04bVVBbWZISmNGZUZiYTlkMC85T3hkTjZuZ3VnMjA5L05SNjJvelQ0CjNEbE1jWTdBdW9HNVFMYURNVnhhVFNYRUVtR0dQanFod0pyK292eSthZUo2dEpZbHhTUW1xTnhFRmJBSWk2dlUKM2RsMG0yRTgyU296MENFT1VZOVQyK3YxS2xZbmhTclFDcDMzQzNUdk5wWkpqZFFrOE5PRlFGbmZWRms1Yk1mcQpoNzltQ1hUSTlYLzRkSUhlS1VPVnZXenhXeW9rUmRURjlGZ0VCTm9tYlpDQi9zT1lSc2o1ZjkzNGtBc1FQcUFzCjNPOFE0UWxFQ0NBNDRMZzN5MXNXU1NZTWh0Q1RSaEhOVTd5akUwd3R0ZjFFTEJKeFNDeHBYekd2aFl1RWNhY3oKMzZ1eGE3eGtFeUdpQU94OHIyenFHLzNXUnBwbFhhL0JhVUd1S1N5ckdjTDdLcm5ORk40V0hRS0R2L2Rxb0x6NQpYbzBVSWNXYjc0T1BPeGx2b281anRMMTZSRklUUEo0QzNnZnhvTm16ZTk5aHpSeHZ3UUtDQVFFQXo1VWtZWWlhCnUrTGxwVyt4dDBFV3l0NlhLVStIWlgxbjg0cGRtc3JqWXo1OFVUNkdHVFRBRklScTFvT1pFcVZHOXQ1ZGhFOC8KUGVHRnI2RDJCeGJoa0pOalMrT2Q5S2VEcm0vbWErSUtDalkxUzd2djFTbStwUnBHdzlKM25pSWFWNzdpM0EvMwpRbGpWdG1nRDZRNGE3NklVTXA0NGlNc1RmMlNBR0VuMUk0S2VyeC9iczF0ck9pMmdhZytJVWtaOGtpZUdKU1BoCmF0bmpLa1ROTXNjME1BMUtBV0FRSFV4NWpDYmdFM1N1WTE1dTlDeldvcGtCUnVnWkxDbUR6WnJ6VzdQUEc1bDEKTE9oNlVMd2pjakwrR2hnZDgzRGhIdjc3eS9Ld2xWb21RNlNndGtGcWJ5WHdzUTFjRXR3UFAzN2FrNHJuVXZFNQpqVUg2R2dJR2tCa0RTd0tDQVFFQTdjTi9UY1o4VENwR1RHVXlJT0p2dURmeEFDaVNzcEIrL0R4Q0J1LzU0aERFCnhZZyswQnJpTml4TGdSK0x4U0tndko3MGxFbFpHZGFLV1NIYmpWQ1V2czMrOGQxMzBBWmtlU1NCRDRtNkhwRisKWHAyU01UdXFLUGxZKzdWYUFvOEFWR0owYmVFTU1FNkVzMEY2OG52bFZlY2NoTlBGTFFuWk8yTklwLzZUcmRXdQpqbkVvcTA1bDFOZmtaRUdOOVg1Q0hPQTJsV2xnTjlNUUZRUFJONkhHQVBmRHhjekRmODJWN0Y1MDlFTWpaRllVClU1ZWJ3MFJpU0MrUUYyK0JhN0ZWakovekU3WTFXQzNCc1NlZTVCcDZpcDBaL1I1M09kaTBhbE43NjlUNlVJTjUKZXpqR3hpZ3RIaGk3cGRnVlNTdlBtYlAzWVExeDNPbFltZXV5dnA1cllRS0NBUUE2ckZFb01GQnNJdW4rSk4vNgppQzlGRUQxeHM4VDFic2pmRVpEN203VkI2L3QvaTBpai8wRDdpNklYR0FOQVBlOGRBQ1UyckorWGdoTWpYVCt0CktVNkFhdWg2SHRBYXd1NTVjNitSZHNhWHRGTEVJVTdjMVh2SmR1L2hrYSsxeHJYamIxVDRGcHN3NmFNZWQ3QUQKUTdWaFhsS1BMQ0dXcUsvT0pqMytuNGptakprRnJ0K09ocHg4U1VFNk9VR3kzN0YrTGlYQWdhL0pYK1RSb2JqTwpUWGYyelFySjhMa2RUdXhjTFBEUkR2M3JvRm1FTXRoSUJTOVROMjlHQ0VYMDY0TTF2RkVoMy9JNnkwc25Yc1kyCkZTdTFmSE9heDZFWi9jQjJHUmJJWUQ3SWg5UFZNQkJCY2x2aDc0REM0K2g3YmdPaUNIVHlBTFRmdEhKWXY1SFQKVVA2WkFvSUJBQUlEZE5HSXk4YXRXUGtPcGxVRzllRStnQWo3VHZxNkpJa29UWHJYajJzdHJ5enBFWGNic3l5NApSVTlybi9oa2FhNFBQb3orN2dVOC91RHdXM2FmNXhLU2xnVWdWZ0pwKzNIWE1FeWNZdm9kUzArcnovQWd6RGthCm0zbE9PTnZxc0JzRzFtdVR5MUdoYUpoSUJxMkZCUlVzSnQ2dEdHOWdOUG0reG4rOXRTeDBzY3k5QXBZb3pNMzMKb2hTRFJadDluVHUzWGw3M2pId01pb2RUQi9PTHFDeWI3SW1CU1dxTXFDZGZTV2hFSlVtVlBRalVNTnAvZXNHWAp2WVdsU1JoTFlTa1d0YTFHRHIrWGE1dC9kV1lESDJTTEhndzV0TkxGbGdtTWVYRXUxWXZYQVRGYzhybjgzeHp4CklxMnQzY2hIMmJNNGhmREpkMXhpa1lDRU1YaFJ5U0VDZ2dFQUFSaDZxVWZ0cWNVSmQzbWFpbkVoRmxqZzlRMXUKYlZhek4wSis1eEMvTmZISFRIVjRUaTdVY3RIVkZsT21JWlU0enBnYTNsWVRPTW9GT2Radm84eml6ZzRsRzZNWQpLWlpPcVV0dHBpSWRWbU1NNlpXYWgvbnZwYlpUbkEreDhBQnRmYlBOc045Qmp5elkxc1Q1MnErSldVdDVldy9mCm1xQWJhZlpwL25jNFAxeERkb29zVVVrNk9tTEVjRzU4N1VrMllMUmpIbnpjZmthNDEyS1pseitUNFRnNklOMXYKZUEwblN0WDRaSCtIeWplMDJDWjBnaXNhQjljUUdha01sSUFsbUtkZDdoQ0dSeU56ZFhxeGxoT0FaYWRZTnZ6UgpJb2pDU012eEIrMjBJYlo0U2dCMmpaRnhoR2ZHTndoV3p5bGVIcVcxeVhQVlBub29LR09takhvSEhnPT0KLS0tLS1FTkQgUlNBIFBSSVZBVEUgS0VZLS0tLS0K\n    token: a671d3b610f54f55750746f806c0e517c577ee59b4765c469eec083c53da36773c6c9869c09e394c8975b303a4fdf4f27a0c05eb1238fb43182edc3ea0fa4ab6\n",
            "kubelet_identity": [
              {
                "client_id": "23e54a6f-e9e3-4a50-9815-9a684bf06eaa",
                "object_id": "8f850dd5-d354-4c97-8c1d-2acff7cdb03f",
                "user_assigned_identity_id": "/subscriptions/de470107-c010-4cb1-918a-83c4fbf50b97/resourceGroups/MC_DevStructureRG_dev-k8s_japaneast/providers/Microsoft.ManagedIdentity/userAssignedIdentities/dev-k8s-agentpool"
              }
            ],
            "kubernetes_version": "1.23.8",
            "linux_profile": [],
            "local_account_disabled": false,
            "location": "japaneast",
            "maintenance_window": [],
            "microsoft_defender": [],
            "name": "dev-k8s",
            "network_profile": [
              {
                "dns_service_ip": "10.0.0.10",
                "docker_bridge_cidr": "172.17.0.1/16",
                "ip_versions": [
                  "IPv4"
                ],
                "load_balancer_profile": [
                  {
                    "effective_outbound_ips": [
                      "/subscriptions/de470107-c010-4cb1-918a-83c4fbf50b97/resourceGroups/MC_DevStructureRG_dev-k8s_japaneast/providers/Microsoft.Network/publicIPAddresses/c3615371-c94f-4a31-b47f-271d26c8b6af"
                    ],
                    "idle_timeout_in_minutes": 30,
                    "managed_outbound_ip_count": 1,
                    "outbound_ip_address_ids": [],
                    "outbound_ip_prefix_ids": [],
                    "outbound_ports_allocated": 0
                  }
                ],
                "load_balancer_sku": "standard",
                "nat_gateway_profile": [],
                "network_mode": "",
                "network_plugin": "kubenet",
                "network_policy": "calico",
                "outbound_type": "loadBalancer",
                "pod_cidr": "10.244.0.0/16",
                "service_cidr": "10.0.0.0/16"
              }
            ],
            "node_resource_group": "MC_DevStructureRG_dev-k8s_japaneast",
            "oidc_issuer_enabled": false,
            "oidc_issuer_url": "",
            "oms_agent": [],
            "open_service_mesh_enabled": false,
            "portal_fqdn": "dev-k8s-e4814e6b.portal.hcp.japaneast.azmk8s.io",
            "private_cluster_enabled": false,
            "private_cluster_public_fqdn_enabled": false,
            "private_dns_zone_id": "",
            "private_fqdn": "",
            "public_network_access_enabled": true,
            "resource_group_name": "DevStructureRG",
            "role_based_access_control_enabled": true,
            "run_command_enabled": true,
            "service_principal": [],
            "sku_tier": "Free",
            "tags": null,
            "timeouts": null,
            "windows_profile": []
          },
          "sensitive_attributes": [],
          "private": "eyJlMmJmYjczMC1lY2FhLTExZTYtOGY4OC0zNDM2M2JjN2M0YzAiOnsiY3JlYXRlIjo1NDAwMDAwMDAwMDAwLCJkZWxldGUiOjU0MDAwMDAwMDAwMDAsInJlYWQiOjMwMDAwMDAwMDAwMCwidXBkYXRlIjo1NDAwMDAwMDAwMDAwfSwic2NoZW1hX3ZlcnNpb24iOiIyIn0=",
          "dependencies": [
            "azurerm_resource_group.structure",
            "data.azurerm_subnet.k8s"
          ]
        }
      ]
    },
    {
      "module": "module.psql",
      "mode": "managed",
      "type": "azurerm_postgresql_flexible_server",
      "name": "psql",
      "provider": "provider[\"registry.terraform.io/hashicorp/azurerm\"]",
      "instances": [
        {
          "schema_version": 0,
          "attributes": {
            "administrator_login": "psql",
            "administrator_password": "psql",
            "backup_retention_days": 7,
            "create_mode": null,
            "delegated_subnet_id": "/subscriptions/de470107-c010-4cb1-918a-83c4fbf50b97/resourceGroups/DevBaseRG/providers/Microsoft.Network/virtualNetworks/dev-vnet/subnets/dev-subnet-psql",
            "fqdn": "dev-psql-fs.postgres.database.azure.com",
            "geo_redundant_backup_enabled": false,
            "high_availability": [],
            "id": "/subscriptions/de470107-c010-4cb1-918a-83c4fbf50b97/resourceGroups/DevStructureRG/providers/Microsoft.DBforPostgreSQL/flexibleServers/dev-psql-fs",
            "location": "japaneast",
            "maintenance_window": [],
            "name": "dev-psql-fs",
            "point_in_time_restore_time_in_utc": null,
            "private_dns_zone_id": "/subscriptions/de470107-c010-4cb1-918a-83c4fbf50b97/resourceGroups/DevBaseRG/providers/Microsoft.Network/privateDnsZones/privatelink.postgres.database.azure.com",
            "public_network_access_enabled": false,
            "resource_group_name": "DevStructureRG",
            "sku_name": "B_Standard_B1ms",
            "source_server_id": null,
            "storage_mb": 32768,
            "tags": null,
            "timeouts": null,
            "version": "13",
            "zone": "1"
          },
          "sensitive_attributes": [],
          "private": "eyJlMmJmYjczMC1lY2FhLTExZTYtOGY4OC0zNDM2M2JjN2M0YzAiOnsiY3JlYXRlIjozNjAwMDAwMDAwMDAwLCJkZWxldGUiOjM2MDAwMDAwMDAwMDAsInJlYWQiOjMwMDAwMDAwMDAwMCwidXBkYXRlIjozNjAwMDAwMDAwMDAwfX0=",
          "dependencies": [
            "azurerm_resource_group.structure",
            "data.azurerm_subnet.psql",
            "data.azurerm_virtual_network.vnet",
            "module.psql.azurerm_private_dns_zone.psql",
            "module.psql.azurerm_private_dns_zone_virtual_network_link.psql"
          ]
        }
      ]
    },
    {
      "module": "module.psql",
      "mode": "managed",
      "type": "azurerm_postgresql_flexible_server_database",
      "name": "psql",
      "provider": "provider[\"registry.terraform.io/hashicorp/azurerm\"]",
      "instances": [
        {
          "schema_version": 0,
          "attributes": {
            "charset": "UTF8",
            "collation": "C",
            "id": "/subscriptions/de470107-c010-4cb1-918a-83c4fbf50b97/resourceGroups/DevStructureRG/providers/Microsoft.DBforPostgreSQL/flexibleServers/dev-psql-fs/databases/dev-psql-fs-db",
            "name": "dev-psql-fs-db",
            "server_id": "/subscriptions/de470107-c010-4cb1-918a-83c4fbf50b97/resourceGroups/DevStructureRG/providers/Microsoft.DBforPostgreSQL/flexibleServers/dev-psql-fs",
            "timeouts": null
          },
          "sensitive_attributes": [],
          "private": "eyJlMmJmYjczMC1lY2FhLTExZTYtOGY4OC0zNDM2M2JjN2M0YzAiOnsiY3JlYXRlIjoxODAwMDAwMDAwMDAwLCJkZWxldGUiOjE4MDAwMDAwMDAwMDAsInJlYWQiOjMwMDAwMDAwMDAwMH19",
          "dependencies": [
            "azurerm_resource_group.structure",
            "data.azurerm_subnet.psql",
            "data.azurerm_virtual_network.vnet",
            "module.psql.azurerm_postgresql_flexible_server.psql",
            "module.psql.azurerm_private_dns_zone.psql",
            "module.psql.azurerm_private_dns_zone_virtual_network_link.psql"
          ]
        }
      ]
    },
    {
      "module": "module.psql",
      "mode": "managed",
      "type": "azurerm_private_dns_zone",
      "name": "psql",
      "provider": "provider[\"registry.terraform.io/hashicorp/azurerm\"]",
      "instances": [
        {
          "schema_version": 0,
          "attributes": {
            "id": "/subscriptions/de470107-c010-4cb1-918a-83c4fbf50b97/resourceGroups/DevBaseRG/providers/Microsoft.Network/privateDnsZones/privatelink.postgres.database.azure.com",
            "max_number_of_record_sets": 25000,
            "max_number_of_virtual_network_links": 1000,
            "max_number_of_virtual_network_links_with_registration": 100,
            "name": "privatelink.postgres.database.azure.com",
            "number_of_record_sets": 1,
            "resource_group_name": "DevBaseRG",
            "soa_record": [
              {
                "email": "azureprivatedns-host.microsoft.com",
                "expire_time": 2419200,
                "fqdn": "privatelink.postgres.database.azure.com.",
                "host_name": "azureprivatedns.net",
                "minimum_ttl": 10,
                "refresh_time": 3600,
                "retry_time": 300,
                "serial_number": 1,
                "tags": {},
                "ttl": 3600
              }
            ],
            "tags": null,
            "timeouts": null
          },
          "sensitive_attributes": [],
          "private": "eyJlMmJmYjczMC1lY2FhLTExZTYtOGY4OC0zNDM2M2JjN2M0YzAiOnsiY3JlYXRlIjoxODAwMDAwMDAwMDAwLCJkZWxldGUiOjE4MDAwMDAwMDAwMDAsInJlYWQiOjMwMDAwMDAwMDAwMCwidXBkYXRlIjoxODAwMDAwMDAwMDAwfX0="
        }
      ]
    },
    {
      "module": "module.psql",
      "mode": "managed",
      "type": "azurerm_private_dns_zone_virtual_network_link",
      "name": "psql",
      "provider": "provider[\"registry.terraform.io/hashicorp/azurerm\"]",
      "instances": [
        {
          "schema_version": 0,
          "attributes": {
            "id": "/subscriptions/de470107-c010-4cb1-918a-83c4fbf50b97/resourceGroups/DevBaseRG/providers/Microsoft.Network/privateDnsZones/privatelink.postgres.database.azure.com/virtualNetworkLinks/dev-psql-privatelink.com",
            "name": "dev-psql-privatelink.com",
            "private_dns_zone_name": "privatelink.postgres.database.azure.com",
            "registration_enabled": false,
            "resource_group_name": "DevBaseRG",
            "tags": null,
            "timeouts": null,
            "virtual_network_id": "/subscriptions/de470107-c010-4cb1-918a-83c4fbf50b97/resourceGroups/DevBaseRG/providers/Microsoft.Network/virtualNetworks/dev-vnet"
          },
          "sensitive_attributes": [],
          "private": "eyJlMmJmYjczMC1lY2FhLTExZTYtOGY4OC0zNDM2M2JjN2M0YzAiOnsiY3JlYXRlIjoxODAwMDAwMDAwMDAwLCJkZWxldGUiOjE4MDAwMDAwMDAwMDAsInJlYWQiOjMwMDAwMDAwMDAwMCwidXBkYXRlIjoxODAwMDAwMDAwMDAwfX0=",
          "dependencies": [
            "data.azurerm_virtual_network.vnet",
            "module.psql.azurerm_private_dns_zone.psql"
          ]
        }
      ]
    },
    {
      "module": "module.sa",
      "mode": "managed",
      "type": "azurerm_private_dns_a_record",
      "name": "blob",
      "provider": "provider[\"registry.terraform.io/hashicorp/azurerm\"]",
      "instances": [
        {
          "schema_version": 0,
          "attributes": {
            "fqdn": "devrice1gouapp.privatelink.blob.core.windows.net.",
            "id": "/subscriptions/de470107-c010-4cb1-918a-83c4fbf50b97/resourceGroups/DevBaseRG/providers/Microsoft.Network/privateDnsZones/privatelink.blob.core.windows.net/A/devrice1gouapp",
            "name": "devrice1gouapp",
            "records": [
              "10.1.1.4"
            ],
            "resource_group_name": "DevBaseRG",
            "tags": null,
            "timeouts": null,
            "ttl": 300,
            "zone_name": "privatelink.blob.core.windows.net"
          },
          "sensitive_attributes": [],
          "private": "eyJlMmJmYjczMC1lY2FhLTExZTYtOGY4OC0zNDM2M2JjN2M0YzAiOnsiY3JlYXRlIjoxODAwMDAwMDAwMDAwLCJkZWxldGUiOjE4MDAwMDAwMDAwMDAsInJlYWQiOjMwMDAwMDAwMDAwMCwidXBkYXRlIjoxODAwMDAwMDAwMDAwfX0=",
          "dependencies": [
            "azurerm_resource_group.structure",
            "data.azurerm_subnet.ds",
            "data.azurerm_virtual_network.vnet",
            "module.sa.azurerm_private_dns_zone.blob",
            "module.sa.azurerm_private_dns_zone_virtual_network_link.blob",
            "module.sa.azurerm_private_endpoint.blob",
            "module.sa.azurerm_storage_account.blob"
          ]
        }
      ]
    },
    {
      "module": "module.sa",
      "mode": "managed",
      "type": "azurerm_private_dns_zone",
      "name": "blob",
      "provider": "provider[\"registry.terraform.io/hashicorp/azurerm\"]",
      "instances": [
        {
          "schema_version": 0,
          "attributes": {
            "id": "/subscriptions/de470107-c010-4cb1-918a-83c4fbf50b97/resourceGroups/DevBaseRG/providers/Microsoft.Network/privateDnsZones/privatelink.blob.core.windows.net",
            "max_number_of_record_sets": 25000,
            "max_number_of_virtual_network_links": 1000,
            "max_number_of_virtual_network_links_with_registration": 100,
            "name": "privatelink.blob.core.windows.net",
            "number_of_record_sets": 1,
            "resource_group_name": "DevBaseRG",
            "soa_record": [
              {
                "email": "azureprivatedns-host.microsoft.com",
                "expire_time": 2419200,
                "fqdn": "privatelink.blob.core.windows.net.",
                "host_name": "azureprivatedns.net",
                "minimum_ttl": 10,
                "refresh_time": 3600,
                "retry_time": 300,
                "serial_number": 1,
                "tags": {},
                "ttl": 3600
              }
            ],
            "tags": null,
            "timeouts": null
          },
          "sensitive_attributes": [],
          "private": "eyJlMmJmYjczMC1lY2FhLTExZTYtOGY4OC0zNDM2M2JjN2M0YzAiOnsiY3JlYXRlIjoxODAwMDAwMDAwMDAwLCJkZWxldGUiOjE4MDAwMDAwMDAwMDAsInJlYWQiOjMwMDAwMDAwMDAwMCwidXBkYXRlIjoxODAwMDAwMDAwMDAwfX0="
        }
      ]
    },
    {
      "module": "module.sa",
      "mode": "managed",
      "type": "azurerm_private_dns_zone_virtual_network_link",
      "name": "blob",
      "provider": "provider[\"registry.terraform.io/hashicorp/azurerm\"]",
      "instances": [
        {
          "schema_version": 0,
          "attributes": {
            "id": "/subscriptions/de470107-c010-4cb1-918a-83c4fbf50b97/resourceGroups/DevBaseRG/providers/Microsoft.Network/privateDnsZones/privatelink.blob.core.windows.net/virtualNetworkLinks/dev-blob-privatelink.com",
            "name": "dev-blob-privatelink.com",
            "private_dns_zone_name": "privatelink.blob.core.windows.net",
            "registration_enabled": false,
            "resource_group_name": "DevBaseRG",
            "tags": null,
            "timeouts": null,
            "virtual_network_id": "/subscriptions/de470107-c010-4cb1-918a-83c4fbf50b97/resourceGroups/DevBaseRG/providers/Microsoft.Network/virtualNetworks/dev-vnet"
          },
          "sensitive_attributes": [],
          "private": "eyJlMmJmYjczMC1lY2FhLTExZTYtOGY4OC0zNDM2M2JjN2M0YzAiOnsiY3JlYXRlIjoxODAwMDAwMDAwMDAwLCJkZWxldGUiOjE4MDAwMDAwMDAwMDAsInJlYWQiOjMwMDAwMDAwMDAwMCwidXBkYXRlIjoxODAwMDAwMDAwMDAwfX0=",
          "dependencies": [
            "data.azurerm_virtual_network.vnet",
            "module.sa.azurerm_private_dns_zone.blob"
          ]
        }
      ]
    },
    {
      "module": "module.sa",
      "mode": "managed",
      "type": "azurerm_private_endpoint",
      "name": "blob",
      "provider": "provider[\"registry.terraform.io/hashicorp/azurerm\"]",
      "instances": [
        {
          "schema_version": 0,
          "attributes": {
            "custom_dns_configs": [
              {
                "fqdn": "devrice1gouapp.blob.core.windows.net",
                "ip_addresses": [
                  "10.1.1.4"
                ]
              }
            ],
            "id": "/subscriptions/de470107-c010-4cb1-918a-83c4fbf50b97/resourceGroups/DevStructureRG/providers/Microsoft.Network/privateEndpoints/dev-blob-ep",
            "location": "japaneast",
            "name": "dev-blob-ep",
            "network_interface": [
              {
                "id": "/subscriptions/de470107-c010-4cb1-918a-83c4fbf50b97/resourceGroups/DevStructureRG/providers/Microsoft.Network/networkInterfaces/dev-blob-ep.nic.3a80129d-78c5-4818-885d-6c6a25134793",
                "name": "dev-blob-ep.nic.3a80129d-78c5-4818-885d-6c6a25134793"
              }
            ],
            "private_dns_zone_configs": [],
            "private_dns_zone_group": [],
            "private_service_connection": [
              {
                "is_manual_connection": false,
                "name": "dev-blob-psc",
                "private_connection_resource_alias": "",
                "private_connection_resource_id": "/subscriptions/de470107-c010-4cb1-918a-83c4fbf50b97/resourceGroups/DevStructureRG/providers/Microsoft.Storage/storageAccounts/devrice1gouapp",
                "private_ip_address": "10.1.1.4",
                "request_message": "",
                "subresource_names": [
                  "blob"
                ]
              }
            ],
            "resource_group_name": "DevStructureRG",
            "subnet_id": "/subscriptions/de470107-c010-4cb1-918a-83c4fbf50b97/resourceGroups/DevBaseRG/providers/Microsoft.Network/virtualNetworks/dev-vnet/subnets/dev-subnet-ds",
            "tags": null,
            "timeouts": null
          },
          "sensitive_attributes": [],
          "private": "eyJlMmJmYjczMC1lY2FhLTExZTYtOGY4OC0zNDM2M2JjN2M0YzAiOnsiY3JlYXRlIjozNjAwMDAwMDAwMDAwLCJkZWxldGUiOjM2MDAwMDAwMDAwMDAsInJlYWQiOjMwMDAwMDAwMDAwMCwidXBkYXRlIjozNjAwMDAwMDAwMDAwfX0=",
          "dependencies": [
            "azurerm_resource_group.structure",
            "data.azurerm_subnet.ds",
            "data.azurerm_virtual_network.vnet",
            "module.sa.azurerm_private_dns_zone.blob",
            "module.sa.azurerm_private_dns_zone_virtual_network_link.blob",
            "module.sa.azurerm_storage_account.blob"
          ]
        }
      ]
    },
    {
      "module": "module.sa",
      "mode": "managed",
      "type": "azurerm_storage_account",
      "name": "blob",
      "provider": "provider[\"registry.terraform.io/hashicorp/azurerm\"]",
      "instances": [
        {
          "schema_version": 3,
          "attributes": {
            "access_tier": "Hot",
            "account_kind": "StorageV2",
            "account_replication_type": "LRS",
            "account_tier": "Standard",
            "allow_nested_items_to_be_public": true,
            "azure_files_authentication": [],
            "blob_properties": [
              {
                "change_feed_enabled": false,
                "change_feed_retention_in_days": 0,
                "container_delete_retention_policy": [],
                "cors_rule": [],
                "default_service_version": "",
                "delete_retention_policy": [],
                "last_access_time_enabled": false,
                "versioning_enabled": false
              }
            ],
            "cross_tenant_replication_enabled": true,
            "custom_domain": [],
            "customer_managed_key": [],
            "edge_zone": "",
            "enable_https_traffic_only": true,
            "id": "/subscriptions/de470107-c010-4cb1-918a-83c4fbf50b97/resourceGroups/DevStructureRG/providers/Microsoft.Storage/storageAccounts/devrice1gouapp",
            "identity": [],
            "infrastructure_encryption_enabled": false,
            "is_hns_enabled": true,
            "large_file_share_enabled": null,
            "location": "japaneast",
            "min_tls_version": "TLS1_2",
            "name": "devrice1gouapp",
            "network_rules": [
              {
                "bypass": [
                  "AzureServices"
                ],
                "default_action": "Allow",
                "ip_rules": [],
                "private_link_access": [],
                "virtual_network_subnet_ids": []
              }
            ],
            "nfsv3_enabled": false,
            "primary_access_key": "BhQzWTtdgV/9GjtmiX9WzTNHgQTzWJ0BpcX25WnyOGEIkAD7RoexD01ZIkb2dwxc4PUXTwiFISRy+AStYJfFIg==",
            "primary_blob_connection_string": "DefaultEndpointsProtocol=https;BlobEndpoint=https://devrice1gouapp.blob.core.windows.net/;AccountName=devrice1gouapp;AccountKey=BhQzWTtdgV/9GjtmiX9WzTNHgQTzWJ0BpcX25WnyOGEIkAD7RoexD01ZIkb2dwxc4PUXTwiFISRy+AStYJfFIg==",
            "primary_blob_endpoint": "https://devrice1gouapp.blob.core.windows.net/",
            "primary_blob_host": "devrice1gouapp.blob.core.windows.net",
            "primary_connection_string": "DefaultEndpointsProtocol=https;AccountName=devrice1gouapp;AccountKey=BhQzWTtdgV/9GjtmiX9WzTNHgQTzWJ0BpcX25WnyOGEIkAD7RoexD01ZIkb2dwxc4PUXTwiFISRy+AStYJfFIg==;EndpointSuffix=core.windows.net",
            "primary_dfs_endpoint": "https://devrice1gouapp.dfs.core.windows.net/",
            "primary_dfs_host": "devrice1gouapp.dfs.core.windows.net",
            "primary_file_endpoint": "https://devrice1gouapp.file.core.windows.net/",
            "primary_file_host": "devrice1gouapp.file.core.windows.net",
            "primary_location": "japaneast",
            "primary_queue_endpoint": "https://devrice1gouapp.queue.core.windows.net/",
            "primary_queue_host": "devrice1gouapp.queue.core.windows.net",
            "primary_table_endpoint": "https://devrice1gouapp.table.core.windows.net/",
            "primary_table_host": "devrice1gouapp.table.core.windows.net",
            "primary_web_endpoint": "https://devrice1gouapp.z11.web.core.windows.net/",
            "primary_web_host": "devrice1gouapp.z11.web.core.windows.net",
            "queue_encryption_key_type": "Service",
            "queue_properties": [
              {
                "cors_rule": [],
                "hour_metrics": [
                  {
                    "enabled": true,
                    "include_apis": true,
                    "retention_policy_days": 7,
                    "version": "1.0"
                  }
                ],
                "logging": [
                  {
                    "delete": false,
                    "read": false,
                    "retention_policy_days": 0,
                    "version": "1.0",
                    "write": false
                  }
                ],
                "minute_metrics": [
                  {
                    "enabled": false,
                    "include_apis": false,
                    "retention_policy_days": 0,
                    "version": "1.0"
                  }
                ]
              }
            ],
            "resource_group_name": "DevStructureRG",
            "routing": [],
            "secondary_access_key": "NabEo7NQhOmi6lJpxZfQ1HRrf6VxpzAgMVkY8OMrUqHrMWR3MLix3aLAI96heHVqQv0tHYd1Z/sV+AStZsxcjQ==",
            "secondary_blob_connection_string": "",
            "secondary_blob_endpoint": null,
            "secondary_blob_host": null,
            "secondary_connection_string": "DefaultEndpointsProtocol=https;AccountName=devrice1gouapp;AccountKey=NabEo7NQhOmi6lJpxZfQ1HRrf6VxpzAgMVkY8OMrUqHrMWR3MLix3aLAI96heHVqQv0tHYd1Z/sV+AStZsxcjQ==;EndpointSuffix=core.windows.net",
            "secondary_dfs_endpoint": null,
            "secondary_dfs_host": null,
            "secondary_file_endpoint": null,
            "secondary_file_host": null,
            "secondary_location": "",
            "secondary_queue_endpoint": null,
            "secondary_queue_host": null,
            "secondary_table_endpoint": null,
            "secondary_table_host": null,
            "secondary_web_endpoint": null,
            "secondary_web_host": null,
            "share_properties": [
              {
                "cors_rule": [],
                "retention_policy": [
                  {
                    "days": 7
                  }
                ],
                "smb": []
              }
            ],
            "shared_access_key_enabled": true,
            "static_website": [],
            "table_encryption_key_type": "Service",
            "tags": null,
            "timeouts": null
          },
          "sensitive_attributes": [],
          "private": "eyJlMmJmYjczMC1lY2FhLTExZTYtOGY4OC0zNDM2M2JjN2M0YzAiOnsiY3JlYXRlIjozNjAwMDAwMDAwMDAwLCJkZWxldGUiOjM2MDAwMDAwMDAwMDAsInJlYWQiOjMwMDAwMDAwMDAwMCwidXBkYXRlIjozNjAwMDAwMDAwMDAwfSwic2NoZW1hX3ZlcnNpb24iOiIzIn0=",
          "dependencies": [
            "azurerm_resource_group.structure",
            "data.azurerm_virtual_network.vnet",
            "module.sa.azurerm_private_dns_zone.blob",
            "module.sa.azurerm_private_dns_zone_virtual_network_link.blob"
          ]
        }
      ]
    }
  ]
}
